
Microsoft Visual Studio Solution File, Format Version 12.00
# Visual Studio Version 16
VisualStudioVersion = 16.0.29519.181
MinimumVisualStudioVersion = 10.0.40219.1
Project("{9A19103F-16F7-4668-BE54-9A1E7A4F7556}") = "WebTest", "WebTest\WebTest.csproj", "{9D13550F-0641-44B2-A116-68CB61930546}"
EndProject
Project("{9A19103F-16F7-4668-BE54-9A1E7A4F7556}") = "Application", "Application\Application.csproj", "{75F3D9A3-E340-40E6-89F9-FAE860112BF7}"
EndProject
Project("{9A19103F-16F7-4668-BE54-9A1E7A4F7556}") = "Domain", "Domain\Domain.csproj", "{D310D9B0-D928-45F6-981B-4FF6B850DEE6}"
EndProject
Project("{9A19103F-16F7-4668-BE54-9A1E7A4F7556}") = "Infrastructure", "Infrastructure\Infrastructure.csproj", "{40DF0EDF-C6AE-46D8-8AE9-96F87D887957}"
EndProject
Project("{FAE04EC0-301F-11D3-BF4B-00C04F79EFBC}") = "Test", "Test\Test.csproj", "{8E7EE7D5-8836-467C-8D70-8DBCC1A4FF16}"
EndProject
Global
	GlobalSection(SolutionConfigurationPlatforms) = preSolution
		Debug|Any CPU = Debug|Any CPU
		Release|Any CPU = Release|Any CPU
	EndGlobalSection
	GlobalSection(ProjectConfigurationPlatforms) = postSolution
		{9D13550F-0641-44B2-A116-68CB61930546}.Debug|Any CPU.ActiveCfg = Debug|Any CPU
		{9D13550F-0641-44B2-A116-68CB61930546}.Debug|Any CPU.Build.0 = Debug|Any CPU
		{9D13550F-0641-44B2-A116-68CB61930546}.Release|Any CPU.ActiveCfg = Release|Any CPU
		{9D13550F-0641-44B2-A116-68CB61930546}.Release|Any CPU.Build.0 = Release|Any CPU
		{75F3D9A3-E340-40E6-89F9-FAE860112BF7}.Debug|Any CPU.ActiveCfg = Debug|Any CPU
		{75F3D9A3-E340-40E6-89F9-FAE860112BF7}.Debug|Any CPU.Build.0 = Debug|Any CPU
		{75F3D9A3-E340-40E6-89F9-FAE860112BF7}.Release|Any CPU.ActiveCfg = Release|Any CPU
		{75F3D9A3-E340-40E6-89F9-FAE860112BF7}.Release|Any CPU.Build.0 = Release|Any CPU
		{D310D9B0-D928-45F6-981B-4FF6B850DEE6}.Debug|Any CPU.ActiveCfg = Debug|Any CPU
		{D310D9B0-D928-45F6-981B-4FF6B850DEE6}.Debug|Any CPU.Build.0 = Debug|Any CPU
		{D310D9B0-D928-45F6-981B-4FF6B850DEE6}.Release|Any CPU.ActiveCfg = Release|Any CPU
		{D310D9B0-D928-45F6-981B-4FF6B850DEE6}.Release|Any CPU.Build.0 = Release|Any CPU
		{40DF0EDF-C6AE-46D8-8AE9-96F87D887957}.Debug|Any CPU.ActiveCfg = Debug|Any CPU
		{40DF0EDF-C6AE-46D8-8AE9-96F87D887957}.Debug|Any CPU.Build.0 = Debug|Any CPU
		{40DF0EDF-C6AE-46D8-8AE9-96F87D887957}.Release|Any CPU.ActiveCfg = Release|Any CPU
		{40DF0EDF-C6AE-46D8-8AE9-96F87D887957}.Release|Any CPU.Build.0 = Release|Any CPU
		{8E7EE7D5-8836-467C-8D70-8DBCC1A4FF16}.Debug|Any CPU.ActiveCfg = Debug|Any CPU
		{8E7EE7D5-8836-467C-8D70-8DBCC1A4FF16}.Debug|Any CPU.Build.0 = Debug|Any CPU
		{8E7EE7D5-8836-467C-8D70-8DBCC1A4FF16}.Release|Any CPU.ActiveCfg = Release|Any CPU
		{8E7EE7D5-8836-467C-8D70-8DBCC1A4FF16}.Release|Any CPU.Build.0 = Release|Any CPU
	EndGlobalSection
	GlobalSection(SolutionProperties) = preSolution
		HideSolutionNode = FALSE
	EndGlobalSection
	GlobalSection(ExtensibilityGlobals) = postSolution
		SolutionGuid = {E8506075-4BAF-432C-87D6-60A83FBB8E78}
	EndGlobalSection
EndGlobal
